Microsoft Visual Studio Solution File, Format Version 12.00
# Visual Studio Version 17
VisualStudioVersion = 17.5.2.0
MinimumVisualStudioVersion = 10.0.40219.1
Project("{FAE04EC0-301F-11D3-BF4B-00C04F79EFBC}") = "CarWebAPI", "CarWebAPI.csproj", "{08F93DEA-AAA1-55E1-3193-DED96BDE9157}"
EndProject
Global
	GlobalSection(SolutionConfigurationPlatforms) = preSolution
		Debug|Any CPU = Debug|Any CPU
		Release|Any CPU = Release|Any CPU
	EndGlobalSection
	GlobalSection(ProjectConfigurationPlatforms) = postSolution
		{08F93DEA-AAA1-55E1-3193-DED96BDE9157}.Debug|Any CPU.ActiveCfg = Debug|Any CPU
		{08F93DEA-AAA1-55E1-3193-DED96BDE9157}.Debug|Any CPU.Build.0 = Debug|Any CPU
		{08F93DEA-AAA1-55E1-3193-DED96BDE9157}.Release|Any CPU.ActiveCfg = Release|Any CPU
		{08F93DEA-AAA1-55E1-3193-DED96BDE9157}.Release|Any CPU.Build.0 = Release|Any CPU
	EndGlobalSection
	GlobalSection(SolutionProperties) = preSolution
		HideSolutionNode = FALSE
	EndGlobalSection
	GlobalSection(ExtensibilityGlobals) = postSolution
		SolutionGuid = {334F7CEA-BE07-4028-B436-526FB521B46A}
	EndGlobalSection
EndGlobal
